<?xml version="1.0" encoding="utf-8"?>
<Project ToolsVersion="4.0" xmlns="http://schemas.microsoft.com/developer/msbuild/2003">
  <ItemGroup>
    <ClCompile Include="Actors.cpp" />
    <ClCompile Include="Draw.cpp" />
    <ClCompile Include="Engine.cpp" />
    <ClCompile Include="Input.cpp" />
    <ClCompile Include="Main.cpp" />
    <ClCompile Include="Okno_eksploracji.cpp" />
    <ClCompile Include="Okno_walki.cpp" />
    <ClCompile Include="Mapa.cpp" />
    <ClCompile Include="Sceny.cpp" />
    <ClCompile Include="Update.cpp" />
    <ClCompile Include="Menu_walki.cpp" />
    <ClCompile Include="Menu.cpp" />
    <ClCompile Include="Pokemon.cpp">
      <Filter>Pokemony</Filter>
    </ClCompile>
    <ClCompile Include="Poliwrath.cpp">
      <Filter>Pokemony</Filter>
    </ClCompile>
    <ClCompile Include="Stelfozaur.cpp">
      <Filter>Pokemony</Filter>
    </ClCompile>
    <ClCompile Include="Atak.cpp">
      <Filter>Pokemony</Filter>
    </ClCompile>
    <ClCompile Include="Kick.cpp">
      <Filter>Pokemony</Filter>
    </ClCompile>
    <ClCompile Include="Punch.cpp">
      <Filter>Pokemony</Filter>
    </ClCompile>
    <ClCompile Include="Okno_pokemon.cpp" />
    <ClCompile Include="Cut.cpp">
      <Filter>Pokemony</Filter>
    </ClCompile>
  </ItemGroup>
  <ItemGroup>
    <ClInclude Include="Actors.h" />
    <ClInclude Include="Engine.h" />
    <ClInclude Include="Mapa.h" />
    <ClInclude Include="Sceny.h" />
    <ClInclude Include="Menu_walki.h" />
    <ClInclude Include="Menu.h" />
    <ClInclude Include="Pokemon.h">
      <Filter>Pokemony</Filter>
    </ClInclude>
    <ClInclude Include="Poliwrath.h">
      <Filter>Pokemony</Filter>
    </ClInclude>
    <ClInclude Include="Stelfozaur.h">
      <Filter>Pokemony</Filter>
    </ClInclude>
    <ClInclude Include="Atak.h">
      <Filter>Pokemony</Filter>
    </ClInclude>
    <ClInclude Include="Kick.h">
      <Filter>Pokemony</Filter>
    </ClInclude>
    <ClInclude Include="Punch.h">
      <Filter>Pokemony</Filter>
    </ClInclude>
    <ClInclude Include="Okno_pokemon.h" />
    <ClInclude Include="Cut.h">
      <Filter>Pokemony</Filter>
    </ClInclude>
    <ClInclude Include="Biblioteka_atakow.h">
      <Filter>Pokemony</Filter>
    </ClInclude>
    <ClInclude Include="Biblioteka_Pokemonow.h">
      <Filter>Pokemony</Filter>
    </ClInclude>
  </ItemGroup>
  <ItemGroup>
    <None Include="packages.config" />
  </ItemGroup>
  <ItemGroup>
    <Filter Include="Pokemony">
      <UniqueIdentifier>{8ad941c4-bb1c-4381-b37f-0c0d6f792f18}</UniqueIdentifier>
    </Filter>
  </ItemGroup>
</Project>