<?xml version="1.0" encoding="utf-8"?>
<Project ToolsVersion="4.0" xmlns="http://schemas.microsoft.com/developer/msbuild/2003">
  <ItemGroup>
    <ClCompile Include="Actors.cpp" />
    <ClCompile Include="Draw.cpp" />
    <ClCompile Include="Engine.cpp" />
    <ClCompile Include="Input.cpp" />
    <ClCompile Include="Main.cpp" />
    <ClCompile Include="Okno_eksploracji.cpp" />
    <ClCompile Include="Okno_walki.cpp" />
    <ClCompile Include="Mapa.cpp" />
    <ClCompile Include="Sceny.cpp" />
    <ClCompile Include="Update.cpp" />
    <ClCompile Include="Poliwrath.cpp" />
    <ClCompile Include="Pokemon.cpp" />
    <ClCompile Include="Stelfozaur.cpp" />
  </ItemGroup>
  <ItemGroup>
    <ClInclude Include="Actors.h" />
    <ClInclude Include="Engine.h" />
    <ClInclude Include="Mapa.h" />
    <ClInclude Include="Sceny.h" />
    <ClInclude Include="Poliwrath.h" />
    <ClInclude Include="Pokemon.h" />
    <ClInclude Include="Biblioteka_Pokemonow.h" />
    <ClInclude Include="Stelfozaur.h" />
  </ItemGroup>
  <ItemGroup>
    <None Include="packages.config" />
  </ItemGroup>
</Project>